// !$*UTF8*$!
{
	archiveVersion = 1;
	classes = {
	};
	objectVersion = 50;
	objects = {

/* Begin PBXBuildFile section */
		2E033CC620F496B20057E157 /* Date+Extension.swift in Sources */ = {isa = PBXBuildFile; fileRef = 2E033CBC20F496B10057E157 /* Date+Extension.swift */; };
		2E033CC720F496B20057E157 /* Observable+Extension.swift in Sources */ = {isa = PBXBuildFile; fileRef = 2E033CBD20F496B10057E157 /* Observable+Extension.swift */; };
		2E033CC820F496B20057E157 /* UICollectionView+Extension.swift in Sources */ = {isa = PBXBuildFile; fileRef = 2E033CBE20F496B20057E157 /* UICollectionView+Extension.swift */; };
		2E033CC920F496B20057E157 /* Int+Extension.swift in Sources */ = {isa = PBXBuildFile; fileRef = 2E033CBF20F496B20057E157 /* Int+Extension.swift */; };
		2E033CCA20F496B20057E157 /* UITableView+Extension.swift in Sources */ = {isa = PBXBuildFile; fileRef = 2E033CC020F496B20057E157 /* UITableView+Extension.swift */; };
		2E033CCB20F496B20057E157 /* NSObject+Extension.swift in Sources */ = {isa = PBXBuildFile; fileRef = 2E033CC120F496B20057E157 /* NSObject+Extension.swift */; };
		2E033CCC20F496B20057E157 /* Double+Extension.swift in Sources */ = {isa = PBXBuildFile; fileRef = 2E033CC220F496B20057E157 /* Double+Extension.swift */; };
		2E033CCD20F496B20057E157 /* UIView+Extension.swift in Sources */ = {isa = PBXBuildFile; fileRef = 2E033CC320F496B20057E157 /* UIView+Extension.swift */; };
		2E033CCE20F496B20057E157 /* String+Extension.swift in Sources */ = {isa = PBXBuildFile; fileRef = 2E033CC420F496B20057E157 /* String+Extension.swift */; };
		2E033CCF20F496B20057E157 /* AppDelegate+Extension.swift in Sources */ = {isa = PBXBuildFile; fileRef = 2E033CC520F496B20057E157 /* AppDelegate+Extension.swift */; };
		2E033CD120F49D0E0057E157 /* LoginViewModel.swift in Sources */ = {isa = PBXBuildFile; fileRef = 2E033CD020F49D0E0057E157 /* LoginViewModel.swift */; };
		2E033CD320F49D1A0057E157 /* BaseViewModel.swift in Sources */ = {isa = PBXBuildFile; fileRef = 2E033CD220F49D1A0057E157 /* BaseViewModel.swift */; };
		2E033CD520F49E6A0057E157 /* LoginViewController.xib in Resources */ = {isa = PBXBuildFile; fileRef = 2E033CD720F49E6A0057E157 /* LoginViewController.xib */; };
		2E033CE020F4A0EA0057E157 /* IndicatorCustomView.swift in Sources */ = {isa = PBXBuildFile; fileRef = 2E033CDF20F4A0EA0057E157 /* IndicatorCustomView.swift */; };
		2E033CE420F4A1020057E157 /* NavigationCustom.swift in Sources */ = {isa = PBXBuildFile; fileRef = 2E033CE220F4A1020057E157 /* NavigationCustom.swift */; };
		2E033CE520F4A1020057E157 /* NavigationCustom.xib in Resources */ = {isa = PBXBuildFile; fileRef = 2E033CE320F4A1020057E157 /* NavigationCustom.xib */; };
		2E033CE920F4A1730057E157 /* ErrorTracker.swift in Sources */ = {isa = PBXBuildFile; fileRef = 2E033CE720F4A1730057E157 /* ErrorTracker.swift */; };
		2E033CEA20F4A1730057E157 /* ActivityIndicator.swift in Sources */ = {isa = PBXBuildFile; fileRef = 2E033CE820F4A1730057E157 /* ActivityIndicator.swift */; };
		2E033CED20F4A2A80057E157 /* HomeViewController.swift in Sources */ = {isa = PBXBuildFile; fileRef = 2E033CEB20F4A2A80057E157 /* HomeViewController.swift */; };
		2E033CEE20F4A2A80057E157 /* HomeViewController.xib in Resources */ = {isa = PBXBuildFile; fileRef = 2E033CEC20F4A2A80057E157 /* HomeViewController.xib */; };
		2E033CF120F4AE760057E157 /* Constants.swift in Sources */ = {isa = PBXBuildFile; fileRef = 2E033CF020F4AE760057E157 /* Constants.swift */; };
		2E033CF320F4AF1E0057E157 /* GoogleService-Info.plist in Resources */ = {isa = PBXBuildFile; fileRef = 2E033CF220F4AF1E0057E157 /* GoogleService-Info.plist */; };
		2E033CF520F4B4E30057E157 /* Bundle+Extension.swift in Sources */ = {isa = PBXBuildFile; fileRef = 2E033CF420F4B4E30057E157 /* Bundle+Extension.swift */; };
		2EA0707A20F58FF100F8AE5A /* GloablVariables.swift in Sources */ = {isa = PBXBuildFile; fileRef = 2EA0707920F58FF100F8AE5A /* GloablVariables.swift */; };
		2EA0707E20F590A400F8AE5A /* TabarViewController.swift in Sources */ = {isa = PBXBuildFile; fileRef = 2EA0707C20F590A400F8AE5A /* TabarViewController.swift */; };
		2EA0707F20F590A400F8AE5A /* TabbarItemContext.swift in Sources */ = {isa = PBXBuildFile; fileRef = 2EA0707D20F590A400F8AE5A /* TabbarItemContext.swift */; };
		2EA0708420F590E500F8AE5A /* MyPhotosViewController.swift in Sources */ = {isa = PBXBuildFile; fileRef = 2EA0708220F590E500F8AE5A /* MyPhotosViewController.swift */; };
		2EA0708520F590E500F8AE5A /* MyPhotosViewController.xib in Resources */ = {isa = PBXBuildFile; fileRef = 2EA0708320F590E500F8AE5A /* MyPhotosViewController.xib */; };
		2EA0708820F590F200F8AE5A /* CameraViewController.swift in Sources */ = {isa = PBXBuildFile; fileRef = 2EA0708620F590F200F8AE5A /* CameraViewController.swift */; };
		2EA0708920F590F200F8AE5A /* CameraViewController.xib in Resources */ = {isa = PBXBuildFile; fileRef = 2EA0708720F590F200F8AE5A /* CameraViewController.xib */; };
		2EA0708B20F5958E00F8AE5A /* TabbarItemHijackContext.swift in Sources */ = {isa = PBXBuildFile; fileRef = 2EA0708A20F5958E00F8AE5A /* TabbarItemHijackContext.swift */; };
		2EA0708E20F5996800F8AE5A /* HomeTableViewCell.swift in Sources */ = {isa = PBXBuildFile; fileRef = 2EA0708C20F5996800F8AE5A /* HomeTableViewCell.swift */; };
		2EA0708F20F5996800F8AE5A /* HomeTableViewCell.xib in Resources */ = {isa = PBXBuildFile; fileRef = 2EA0708D20F5996800F8AE5A /* HomeTableViewCell.xib */; };
		2EA0709220F5A41E00F8AE5A /* HomeHeaderView.swift in Sources */ = {isa = PBXBuildFile; fileRef = 2EA0709120F5A41E00F8AE5A /* HomeHeaderView.swift */; };
		2EA0709420F5A42A00F8AE5A /* HomeHeaderView.xib in Resources */ = {isa = PBXBuildFile; fileRef = 2EA0709320F5A42A00F8AE5A /* HomeHeaderView.xib */; };
		50C49FA1C9A9062CAD5D3567 /* Pods_PhotoMemories.framework in Frameworks */ = {isa = PBXBuildFile; fileRef = E0114B86646263CC8460AE66 /* Pods_PhotoMemories.framework */; };
		536A864020F10EF100FAE72D /* AppDelegate.swift in Sources */ = {isa = PBXBuildFile; fileRef = 536A863F20F10EF100FAE72D /* AppDelegate.swift */; };
		536A864720F10EF300FAE72D /* Assets.xcassets in Resources */ = {isa = PBXBuildFile; fileRef = 536A864620F10EF300FAE72D /* Assets.xcassets */; };
		536A864A20F10EF300FAE72D /* LaunchScreen.storyboard in Resources */ = {isa = PBXBuildFile; fileRef = 536A864820F10EF300FAE72D /* LaunchScreen.storyboard */; };
		536A865520F10EF300FAE72D /* PhotoMemoriesTests.swift in Sources */ = {isa = PBXBuildFile; fileRef = 536A865420F10EF300FAE72D /* PhotoMemoriesTests.swift */; };
		536A866020F10EF300FAE72D /* PhotoMemoriesUITests.swift in Sources */ = {isa = PBXBuildFile; fileRef = 536A865F20F10EF300FAE72D /* PhotoMemoriesUITests.swift */; };
		536A867220F12C8800FAE72D /* LoginViewController.swift in Sources */ = {isa = PBXBuildFile; fileRef = 536A867020F12C8700FAE72D /* LoginViewController.swift */; };
		536A867620F12CA300FAE72D /* BaseViewController.swift in Sources */ = {isa = PBXBuildFile; fileRef = 536A867520F12CA300FAE72D /* BaseViewController.swift */; };
/* End PBXBuildFile section */

/* Begin PBXContainerItemProxy section */
		536A865120F10EF300FAE72D /* PBXContainerItemProxy */ = {
			isa = PBXContainerItemProxy;
			containerPortal = 536A863420F10EF100FAE72D /* Project object */;
			proxyType = 1;
			remoteGlobalIDString = 536A863B20F10EF100FAE72D;
			remoteInfo = PhotoMemories;
		};
		536A865C20F10EF300FAE72D /* PBXContainerItemProxy */ = {
			isa = PBXContainerItemProxy;
			containerPortal = 536A863420F10EF100FAE72D /* Project object */;
			proxyType = 1;
			remoteGlobalIDString = 536A863B20F10EF100FAE72D;
			remoteInfo = PhotoMemories;
		};
/* End PBXContainerItemProxy section */

/* Begin PBXFileReference section */
		2E033CBC20F496B10057E157 /* Date+Extension.swift */ = {isa = PBXFileReference; fileEncoding = 4; lastKnownFileType = sourcecode.swift; path = "Date+Extension.swift"; sourceTree = "<group>"; };
		2E033CBD20F496B10057E157 /* Observable+Extension.swift */ = {isa = PBXFileReference; fileEncoding = 4; lastKnownFileType = sourcecode.swift; path = "Observable+Extension.swift"; sourceTree = "<group>"; };
		2E033CBE20F496B20057E157 /* UICollectionView+Extension.swift */ = {isa = PBXFileReference; fileEncoding = 4; lastKnownFileType = sourcecode.swift; path = "UICollectionView+Extension.swift"; sourceTree = "<group>"; };
		2E033CBF20F496B20057E157 /* Int+Extension.swift */ = {isa = PBXFileReference; fileEncoding = 4; lastKnownFileType = sourcecode.swift; path = "Int+Extension.swift"; sourceTree = "<group>"; };
		2E033CC020F496B20057E157 /* UITableView+Extension.swift */ = {isa = PBXFileReference; fileEncoding = 4; lastKnownFileType = sourcecode.swift; path = "UITableView+Extension.swift"; sourceTree = "<group>"; };
		2E033CC120F496B20057E157 /* NSObject+Extension.swift */ = {isa = PBXFileReference; fileEncoding = 4; lastKnownFileType = sourcecode.swift; path = "NSObject+Extension.swift"; sourceTree = "<group>"; };
		2E033CC220F496B20057E157 /* Double+Extension.swift */ = {isa = PBXFileReference; fileEncoding = 4; lastKnownFileType = sourcecode.swift; path = "Double+Extension.swift"; sourceTree = "<group>"; };
		2E033CC320F496B20057E157 /* UIView+Extension.swift */ = {isa = PBXFileReference; fileEncoding = 4; lastKnownFileType = sourcecode.swift; path = "UIView+Extension.swift"; sourceTree = "<group>"; };
		2E033CC420F496B20057E157 /* String+Extension.swift */ = {isa = PBXFileReference; fileEncoding = 4; lastKnownFileType = sourcecode.swift; path = "String+Extension.swift"; sourceTree = "<group>"; };
		2E033CC520F496B20057E157 /* AppDelegate+Extension.swift */ = {isa = PBXFileReference; fileEncoding = 4; lastKnownFileType = sourcecode.swift; path = "AppDelegate+Extension.swift"; sourceTree = "<group>"; };
		2E033CD020F49D0E0057E157 /* LoginViewModel.swift */ = {isa = PBXFileReference; lastKnownFileType = sourcecode.swift; path = LoginViewModel.swift; sourceTree = "<group>"; };
		2E033CD220F49D1A0057E157 /* BaseViewModel.swift */ = {isa = PBXFileReference; lastKnownFileType = sourcecode.swift; path = BaseViewModel.swift; sourceTree = "<group>"; };
		2E033CD620F49E6A0057E157 /* Base */ = {isa = PBXFileReference; lastKnownFileType = file.xib; name = Base; path = Base.lproj/LoginViewController.xib; sourceTree = "<group>"; };
		2E033CD920F49E6E0057E157 /* en */ = {isa = PBXFileReference; lastKnownFileType = text.plist.strings; name = en; path = en.lproj/LoginViewController.strings; sourceTree = "<group>"; };
		2E033CDA20F49EA90057E157 /* vi */ = {isa = PBXFileReference; lastKnownFileType = text.plist.strings; name = vi; path = vi.lproj/LoginViewController.strings; sourceTree = "<group>"; };
		2E033CDB20F49EA90057E157 /* vi */ = {isa = PBXFileReference; lastKnownFileType = text.plist.strings; name = vi; path = vi.lproj/LaunchScreen.strings; sourceTree = "<group>"; };
		2E033CDF20F4A0EA0057E157 /* IndicatorCustomView.swift */ = {isa = PBXFileReference; fileEncoding = 4; lastKnownFileType = sourcecode.swift; path = IndicatorCustomView.swift; sourceTree = "<group>"; };
		2E033CE220F4A1020057E157 /* NavigationCustom.swift */ = {isa = PBXFileReference; fileEncoding = 4; lastKnownFileType = sourcecode.swift; path = NavigationCustom.swift; sourceTree = "<group>"; };
		2E033CE320F4A1020057E157 /* NavigationCustom.xib */ = {isa = PBXFileReference; fileEncoding = 4; lastKnownFileType = file.xib; path = NavigationCustom.xib; sourceTree = "<group>"; };
		2E033CE720F4A1730057E157 /* ErrorTracker.swift */ = {isa = PBXFileReference; fileEncoding = 4; lastKnownFileType = sourcecode.swift; path = ErrorTracker.swift; sourceTree = "<group>"; };
		2E033CE820F4A1730057E157 /* ActivityIndicator.swift */ = {isa = PBXFileReference; fileEncoding = 4; lastKnownFileType = sourcecode.swift; path = ActivityIndicator.swift; sourceTree = "<group>"; };
		2E033CEB20F4A2A80057E157 /* HomeViewController.swift */ = {isa = PBXFileReference; lastKnownFileType = sourcecode.swift; path = HomeViewController.swift; sourceTree = "<group>"; };
		2E033CEC20F4A2A80057E157 /* HomeViewController.xib */ = {isa = PBXFileReference; lastKnownFileType = file.xib; path = HomeViewController.xib; sourceTree = "<group>"; };
		2E033CF020F4AE760057E157 /* Constants.swift */ = {isa = PBXFileReference; lastKnownFileType = sourcecode.swift; path = Constants.swift; sourceTree = "<group>"; };
		2E033CF220F4AF1E0057E157 /* GoogleService-Info.plist */ = {isa = PBXFileReference; fileEncoding = 4; lastKnownFileType = text.plist.xml; path = "GoogleService-Info.plist"; sourceTree = "<group>"; };
		2E033CF420F4B4E30057E157 /* Bundle+Extension.swift */ = {isa = PBXFileReference; lastKnownFileType = sourcecode.swift; path = "Bundle+Extension.swift"; sourceTree = "<group>"; };
		2EA0707920F58FF100F8AE5A /* GloablVariables.swift */ = {isa = PBXFileReference; lastKnownFileType = sourcecode.swift; path = GloablVariables.swift; sourceTree = "<group>"; };
		2EA0707C20F590A400F8AE5A /* TabarViewController.swift */ = {isa = PBXFileReference; fileEncoding = 4; lastKnownFileType = sourcecode.swift; path = TabarViewController.swift; sourceTree = "<group>"; };
		2EA0707D20F590A400F8AE5A /* TabbarItemContext.swift */ = {isa = PBXFileReference; fileEncoding = 4; lastKnownFileType = sourcecode.swift; path = TabbarItemContext.swift; sourceTree = "<group>"; };
		2EA0708220F590E500F8AE5A /* MyPhotosViewController.swift */ = {isa = PBXFileReference; lastKnownFileType = sourcecode.swift; path = MyPhotosViewController.swift; sourceTree = "<group>"; };
		2EA0708320F590E500F8AE5A /* MyPhotosViewController.xib */ = {isa = PBXFileReference; lastKnownFileType = file.xib; path = MyPhotosViewController.xib; sourceTree = "<group>"; };
		2EA0708620F590F200F8AE5A /* CameraViewController.swift */ = {isa = PBXFileReference; lastKnownFileType = sourcecode.swift; path = CameraViewController.swift; sourceTree = "<group>"; };
		2EA0708720F590F200F8AE5A /* CameraViewController.xib */ = {isa = PBXFileReference; lastKnownFileType = file.xib; path = CameraViewController.xib; sourceTree = "<group>"; };
		2EA0708A20F5958E00F8AE5A /* TabbarItemHijackContext.swift */ = {isa = PBXFileReference; lastKnownFileType = sourcecode.swift; path = TabbarItemHijackContext.swift; sourceTree = "<group>"; };
		2EA0708C20F5996800F8AE5A /* HomeTableViewCell.swift */ = {isa = PBXFileReference; lastKnownFileType = sourcecode.swift; path = HomeTableViewCell.swift; sourceTree = "<group>"; };
		2EA0708D20F5996800F8AE5A /* HomeTableViewCell.xib */ = {isa = PBXFileReference; lastKnownFileType = file.xib; path = HomeTableViewCell.xib; sourceTree = "<group>"; };
		2EA0709120F5A41E00F8AE5A /* HomeHeaderView.swift */ = {isa = PBXFileReference; lastKnownFileType = sourcecode.swift; path = HomeHeaderView.swift; sourceTree = "<group>"; };
		2EA0709320F5A42A00F8AE5A /* HomeHeaderView.xib */ = {isa = PBXFileReference; lastKnownFileType = file.xib; path = HomeHeaderView.xib; sourceTree = "<group>"; };
		4B40B2860F39266F2C2241D4 /* Pods_PhotoMemoriesTests.framework */ = {isa = PBXFileReference; explicitFileType = wrapper.framework; includeInIndex = 0; path = Pods_PhotoMemoriesTests.framework; sourceTree = BUILT_PRODUCTS_DIR; };
		536A863C20F10EF100FAE72D /* PhotoMemories.app */ = {isa = PBXFileReference; explicitFileType = wrapper.application; includeInIndex = 0; path = PhotoMemories.app; sourceTree = BUILT_PRODUCTS_DIR; };
		536A863F20F10EF100FAE72D /* AppDelegate.swift */ = {isa = PBXFileReference; lastKnownFileType = sourcecode.swift; path = AppDelegate.swift; sourceTree = "<group>"; };
		536A864620F10EF300FAE72D /* Assets.xcassets */ = {isa = PBXFileReference; lastKnownFileType = folder.assetcatalog; path = Assets.xcassets; sourceTree = "<group>"; };
		536A864920F10EF300FAE72D /* Base */ = {isa = PBXFileReference; lastKnownFileType = file.storyboard; name = Base; path = Base.lproj/LaunchScreen.storyboard; sourceTree = "<group>"; };
		536A864B20F10EF300FAE72D /* Info.plist */ = {isa = PBXFileReference; lastKnownFileType = text.plist.xml; path = Info.plist; sourceTree = "<group>"; };
		536A865020F10EF300FAE72D /* PhotoMemoriesTests.xctest */ = {isa = PBXFileReference; explicitFileType = wrapper.cfbundle; includeInIndex = 0; path = PhotoMemoriesTests.xctest; sourceTree = BUILT_PRODUCTS_DIR; };
		536A865420F10EF300FAE72D /* PhotoMemoriesTests.swift */ = {isa = PBXFileReference; lastKnownFileType = sourcecode.swift; path = PhotoMemoriesTests.swift; sourceTree = "<group>"; };
		536A865620F10EF300FAE72D /* Info.plist */ = {isa = PBXFileReference; lastKnownFileType = text.plist.xml; path = Info.plist; sourceTree = "<group>"; };
		536A865B20F10EF300FAE72D /* PhotoMemoriesUITests.xctest */ = {isa = PBXFileReference; explicitFileType = wrapper.cfbundle; includeInIndex = 0; path = PhotoMemoriesUITests.xctest; sourceTree = BUILT_PRODUCTS_DIR; };
		536A865F20F10EF300FAE72D /* PhotoMemoriesUITests.swift */ = {isa = PBXFileReference; lastKnownFileType = sourcecode.swift; path = PhotoMemoriesUITests.swift; sourceTree = "<group>"; };
		536A866120F10EF300FAE72D /* Info.plist */ = {isa = PBXFileReference; lastKnownFileType = text.plist.xml; path = Info.plist; sourceTree = "<group>"; };
		536A867020F12C8700FAE72D /* LoginViewController.swift */ = {isa = PBXFileReference; lastKnownFileType = sourcecode.swift; path = LoginViewController.swift; sourceTree = "<group>"; };
		536A867520F12CA300FAE72D /* BaseViewController.swift */ = {isa = PBXFileReference; lastKnownFileType = sourcecode.swift; path = BaseViewController.swift; sourceTree = "<group>"; };
		B5B7C2CC81E483E24515F020 /* Pods-PhotoMemories.debug.xcconfig */ = {isa = PBXFileReference; includeInIndex = 1; lastKnownFileType = text.xcconfig; name = "Pods-PhotoMemories.debug.xcconfig"; path = "Pods/Target Support Files/Pods-PhotoMemories/Pods-PhotoMemories.debug.xcconfig"; sourceTree = "<group>"; };
		E0114B86646263CC8460AE66 /* Pods_PhotoMemories.framework */ = {isa = PBXFileReference; explicitFileType = wrapper.framework; includeInIndex = 0; path = Pods_PhotoMemories.framework; sourceTree = BUILT_PRODUCTS_DIR; };
		ECD48E48435B51A6B4120FB9 /* Pods_PhotoMemoriesUITests.framework */ = {isa = PBXFileReference; explicitFileType = wrapper.framework; includeInIndex = 0; path = Pods_PhotoMemoriesUITests.framework; sourceTree = BUILT_PRODUCTS_DIR; };
		F391FC7A5460925049C59BB4 /* Pods-PhotoMemories.release.xcconfig */ = {isa = PBXFileReference; includeInIndex = 1; lastKnownFileType = text.xcconfig; name = "Pods-PhotoMemories.release.xcconfig"; path = "Pods/Target Support Files/Pods-PhotoMemories/Pods-PhotoMemories.release.xcconfig"; sourceTree = "<group>"; };
/* End PBXFileReference section */

/* Begin PBXFrameworksBuildPhase section */
		536A863920F10EF100FAE72D /* Frameworks */ = {
			isa = PBXFrameworksBuildPhase;
			buildActionMask = 2147483647;
			files = (
				50C49FA1C9A9062CAD5D3567 /* Pods_PhotoMemories.framework in Frameworks */,
			);
			runOnlyForDeploymentPostprocessing = 0;
		};
		536A864D20F10EF300FAE72D /* Frameworks */ = {
			isa = PBXFrameworksBuildPhase;
			buildActionMask = 2147483647;
			files = (
			);
			runOnlyForDeploymentPostprocessing = 0;
		};
		536A865820F10EF300FAE72D /* Frameworks */ = {
			isa = PBXFrameworksBuildPhase;
			buildActionMask = 2147483647;
			files = (
			);
			runOnlyForDeploymentPostprocessing = 0;
		};
/* End PBXFrameworksBuildPhase section */

/* Begin PBXGroup section */
		2E033CBB20F4966D0057E157 /* Extension */ = {
			isa = PBXGroup;
			children = (
				2E033CC520F496B20057E157 /* AppDelegate+Extension.swift */,
				2E033CBC20F496B10057E157 /* Date+Extension.swift */,
				2E033CC220F496B20057E157 /* Double+Extension.swift */,
				2E033CBF20F496B20057E157 /* Int+Extension.swift */,
				2E033CC120F496B20057E157 /* NSObject+Extension.swift */,
				2E033CBD20F496B10057E157 /* Observable+Extension.swift */,
				2E033CC420F496B20057E157 /* String+Extension.swift */,
				2E033CBE20F496B20057E157 /* UICollectionView+Extension.swift */,
				2E033CC020F496B20057E157 /* UITableView+Extension.swift */,
				2E033CC320F496B20057E157 /* UIView+Extension.swift */,
				2E033CF420F4B4E30057E157 /* Bundle+Extension.swift */,
			);
			path = Extension;
			sourceTree = "<group>";
		};
		2E033CD420F49DD70057E157 /* Home */ = {
			isa = PBXGroup;
			children = (
				2EA0709020F5A40800F8AE5A /* HeaderView */,
				2E033CEB20F4A2A80057E157 /* HomeViewController.swift */,
				2E033CEC20F4A2A80057E157 /* HomeViewController.xib */,
				2EA0708C20F5996800F8AE5A /* HomeTableViewCell.swift */,
				2EA0708D20F5996800F8AE5A /* HomeTableViewCell.xib */,
			);
			path = Home;
			sourceTree = "<group>";
		};
		2E033CDD20F4A0DF0057E157 /* Views */ = {
			isa = PBXGroup;
			children = (
				2E033CE120F4A1020057E157 /* Navigation */,
				2E033CDE20F4A0EA0057E157 /* Indicator */,
			);
			path = Views;
			sourceTree = "<group>";
		};
		2E033CDE20F4A0EA0057E157 /* Indicator */ = {
			isa = PBXGroup;
			children = (
				2E033CDF20F4A0EA0057E157 /* IndicatorCustomView.swift */,
			);
			path = Indicator;
			sourceTree = "<group>";
		};
		2E033CE120F4A1020057E157 /* Navigation */ = {
			isa = PBXGroup;
			children = (
				2E033CE220F4A1020057E157 /* NavigationCustom.swift */,
				2E033CE320F4A1020057E157 /* NavigationCustom.xib */,
			);
			path = Navigation;
			sourceTree = "<group>";
		};
		2E033CE620F4A1650057E157 /* Helper */ = {
			isa = PBXGroup;
			children = (
				2E033CE820F4A1730057E157 /* ActivityIndicator.swift */,
				2E033CE720F4A1730057E157 /* ErrorTracker.swift */,
			);
			path = Helper;
			sourceTree = "<group>";
		};
		2E033CEF20F4AE680057E157 /* AppConfig */ = {
			isa = PBXGroup;
			children = (
				2E033CF020F4AE760057E157 /* Constants.swift */,
				2EA0707920F58FF100F8AE5A /* GloablVariables.swift */,
			);
			path = AppConfig;
			sourceTree = "<group>";
		};
		2EA0707B20F590A400F8AE5A /* Tabbar */ = {
			isa = PBXGroup;
			children = (
				2EA0707C20F590A400F8AE5A /* TabarViewController.swift */,
				2EA0707D20F590A400F8AE5A /* TabbarItemContext.swift */,
				2EA0708A20F5958E00F8AE5A /* TabbarItemHijackContext.swift */,
			);
			path = Tabbar;
			sourceTree = "<group>";
		};
		2EA0708020F590BD00F8AE5A /* Camera */ = {
			isa = PBXGroup;
			children = (
				2EA0708620F590F200F8AE5A /* CameraViewController.swift */,
				2EA0708720F590F200F8AE5A /* CameraViewController.xib */,
			);
			path = Camera;
			sourceTree = "<group>";
		};
		2EA0708120F590D200F8AE5A /* MyPhotos */ = {
			isa = PBXGroup;
			children = (
				2EA0708220F590E500F8AE5A /* MyPhotosViewController.swift */,
				2EA0708320F590E500F8AE5A /* MyPhotosViewController.xib */,
			);
			path = MyPhotos;
			sourceTree = "<group>";
		};
		2EA0709020F5A40800F8AE5A /* HeaderView */ = {
			isa = PBXGroup;
			children = (
				2EA0709120F5A41E00F8AE5A /* HomeHeaderView.swift */,
				2EA0709320F5A42A00F8AE5A /* HomeHeaderView.xib */,
			);
			path = HeaderView;
			sourceTree = "<group>";
		};
		536A863320F10EF100FAE72D = {
			isa = PBXGroup;
			children = (
				536A863E20F10EF100FAE72D /* PhotoMemories */,
				536A865320F10EF300FAE72D /* PhotoMemoriesTests */,
				536A865E20F10EF300FAE72D /* PhotoMemoriesUITests */,
				536A863D20F10EF100FAE72D /* Products */,
				68FEB9A717BDE797C63F35E4 /* Pods */,
				69A9F5D3AA432449FDC38EFB /* Frameworks */,
			);
			sourceTree = "<group>";
		};
		536A863D20F10EF100FAE72D /* Products */ = {
			isa = PBXGroup;
			children = (
				536A863C20F10EF100FAE72D /* PhotoMemories.app */,
				536A865020F10EF300FAE72D /* PhotoMemoriesTests.xctest */,
				536A865B20F10EF300FAE72D /* PhotoMemoriesUITests.xctest */,
			);
			name = Products;
			sourceTree = "<group>";
		};
		536A863E20F10EF100FAE72D /* PhotoMemories */ = {
			isa = PBXGroup;
			children = (
				536A866D20F12C6700FAE72D /* Class */,
				536A863F20F10EF100FAE72D /* AppDelegate.swift */,
				536A864620F10EF300FAE72D /* Assets.xcassets */,
				536A864820F10EF300FAE72D /* LaunchScreen.storyboard */,
				536A864B20F10EF300FAE72D /* Info.plist */,
				2E033CF220F4AF1E0057E157 /* GoogleService-Info.plist */,
			);
			path = PhotoMemories;
			sourceTree = "<group>";
		};
		536A865320F10EF300FAE72D /* PhotoMemoriesTests */ = {
			isa = PBXGroup;
			children = (
				536A865420F10EF300FAE72D /* PhotoMemoriesTests.swift */,
				536A865620F10EF300FAE72D /* Info.plist */,
			);
			path = PhotoMemoriesTests;
			sourceTree = "<group>";
		};
		536A865E20F10EF300FAE72D /* PhotoMemoriesUITests */ = {
			isa = PBXGroup;
			children = (
				536A865F20F10EF300FAE72D /* PhotoMemoriesUITests.swift */,
				536A866120F10EF300FAE72D /* Info.plist */,
			);
			path = PhotoMemoriesUITests;
			sourceTree = "<group>";
		};
		536A866D20F12C6700FAE72D /* Class */ = {
			isa = PBXGroup;
			children = (
				2E033CEF20F4AE680057E157 /* AppConfig */,
				2E033CE620F4A1650057E157 /* Helper */,
				2E033CDD20F4A0DF0057E157 /* Views */,
				2E033CBB20F4966D0057E157 /* Extension */,
				536A867420F12C9700FAE72D /* Base */,
				536A866E20F12C6D00FAE72D /* Screen */,
			);
			path = Class;
			sourceTree = "<group>";
		};
		536A866E20F12C6D00FAE72D /* Screen */ = {
			isa = PBXGroup;
			children = (
				2EA0708120F590D200F8AE5A /* MyPhotos */,
				2EA0708020F590BD00F8AE5A /* Camera */,
				2EA0707B20F590A400F8AE5A /* Tabbar */,
				2E033CD420F49DD70057E157 /* Home */,
				536A866F20F12C7500FAE72D /* Login */,
			);
			path = Screen;
			sourceTree = "<group>";
		};
		536A866F20F12C7500FAE72D /* Login */ = {
			isa = PBXGroup;
			children = (
				2E033CD720F49E6A0057E157 /* LoginViewController.xib */,
				536A867020F12C8700FAE72D /* LoginViewController.swift */,
				2E033CD020F49D0E0057E157 /* LoginViewModel.swift */,
			);
			path = Login;
			sourceTree = "<group>";
		};
		536A867420F12C9700FAE72D /* Base */ = {
			isa = PBXGroup;
			children = (
				536A867520F12CA300FAE72D /* BaseViewController.swift */,
				2E033CD220F49D1A0057E157 /* BaseViewModel.swift */,
			);
			path = Base;
			sourceTree = "<group>";
		};
		68FEB9A717BDE797C63F35E4 /* Pods */ = {
			isa = PBXGroup;
			children = (
				B5B7C2CC81E483E24515F020 /* Pods-PhotoMemories.debug.xcconfig */,
				F391FC7A5460925049C59BB4 /* Pods-PhotoMemories.release.xcconfig */,
			);
			name = Pods;
			sourceTree = "<group>";
		};
		69A9F5D3AA432449FDC38EFB /* Frameworks */ = {
			isa = PBXGroup;
			children = (
				E0114B86646263CC8460AE66 /* Pods_PhotoMemories.framework */,
				4B40B2860F39266F2C2241D4 /* Pods_PhotoMemoriesTests.framework */,
				ECD48E48435B51A6B4120FB9 /* Pods_PhotoMemoriesUITests.framework */,
			);
			name = Frameworks;
			sourceTree = "<group>";
		};
/* End PBXGroup section */

/* Begin PBXNativeTarget section */
		536A863B20F10EF100FAE72D /* PhotoMemories */ = {
			isa = PBXNativeTarget;
			buildConfigurationList = 536A866420F10EF400FAE72D /* Build configuration list for PBXNativeTarget "PhotoMemories" */;
			buildPhases = (
				6913CA799D3835F1C802F662 /* [CP] Check Pods Manifest.lock */,
				536A863820F10EF100FAE72D /* Sources */,
				536A863920F10EF100FAE72D /* Frameworks */,
				536A863A20F10EF100FAE72D /* Resources */,
				3DCD648C574F04F94D12A9E5 /* [CP] Embed Pods Frameworks */,
				2E033CDC20F4A01E0057E157 /* SwiftLint */,
				346BA75803A0FFD564D5D16B /* [CP] Copy Pods Resources */,
			);
			buildRules = (
			);
			dependencies = (
			);
			name = PhotoMemories;
			productName = PhotoMemories;
			productReference = 536A863C20F10EF100FAE72D /* PhotoMemories.app */;
			productType = "com.apple.product-type.application";
		};
		536A864F20F10EF300FAE72D /* PhotoMemoriesTests */ = {
			isa = PBXNativeTarget;
			buildConfigurationList = 536A866720F10EF400FAE72D /* Build configuration list for PBXNativeTarget "PhotoMemoriesTests" */;
			buildPhases = (
				536A864C20F10EF300FAE72D /* Sources */,
				536A864D20F10EF300FAE72D /* Frameworks */,
				536A864E20F10EF300FAE72D /* Resources */,
			);
			buildRules = (
			);
			dependencies = (
				536A865220F10EF300FAE72D /* PBXTargetDependency */,
			);
			name = PhotoMemoriesTests;
			productName = PhotoMemoriesTests;
			productReference = 536A865020F10EF300FAE72D /* PhotoMemoriesTests.xctest */;
			productType = "com.apple.product-type.bundle.unit-test";
		};
		536A865A20F10EF300FAE72D /* PhotoMemoriesUITests */ = {
			isa = PBXNativeTarget;
			buildConfigurationList = 536A866A20F10EF400FAE72D /* Build configuration list for PBXNativeTarget "PhotoMemoriesUITests" */;
			buildPhases = (
				536A865720F10EF300FAE72D /* Sources */,
				536A865820F10EF300FAE72D /* Frameworks */,
				536A865920F10EF300FAE72D /* Resources */,
			);
			buildRules = (
			);
			dependencies = (
				536A865D20F10EF300FAE72D /* PBXTargetDependency */,
			);
			name = PhotoMemoriesUITests;
			productName = PhotoMemoriesUITests;
			productReference = 536A865B20F10EF300FAE72D /* PhotoMemoriesUITests.xctest */;
			productType = "com.apple.product-type.bundle.ui-testing";
		};
/* End PBXNativeTarget section */

/* Begin PBXProject section */
		536A863420F10EF100FAE72D /* Project object */ = {
			isa = PBXProject;
			attributes = {
				LastSwiftUpdateCheck = 0940;
				LastUpgradeCheck = 0940;
				ORGANIZATIONNAME = "Nguyen Manh Tuan";
				TargetAttributes = {
					536A863B20F10EF100FAE72D = {
						CreatedOnToolsVersion = 9.4.1;
					};
					536A864F20F10EF300FAE72D = {
						CreatedOnToolsVersion = 9.4.1;
						TestTargetID = 536A863B20F10EF100FAE72D;
					};
					536A865A20F10EF300FAE72D = {
						CreatedOnToolsVersion = 9.4.1;
						TestTargetID = 536A863B20F10EF100FAE72D;
					};
				};
			};
			buildConfigurationList = 536A863720F10EF100FAE72D /* Build configuration list for PBXProject "PhotoMemories" */;
			compatibilityVersion = "Xcode 9.3";
			developmentRegion = en;
			hasScannedForEncodings = 0;
			knownRegions = (
				en,
				Base,
			);
			mainGroup = 536A863320F10EF100FAE72D;
			productRefGroup = 536A863D20F10EF100FAE72D /* Products */;
			projectDirPath = "";
			projectRoot = "";
			targets = (
				536A863B20F10EF100FAE72D /* PhotoMemories */,
				536A864F20F10EF300FAE72D /* PhotoMemoriesTests */,
				536A865A20F10EF300FAE72D /* PhotoMemoriesUITests */,
			);
		};
/* End PBXProject section */

/* Begin PBXResourcesBuildPhase section */
		536A863A20F10EF100FAE72D /* Resources */ = {
			isa = PBXResourcesBuildPhase;
			buildActionMask = 2147483647;
			files = (
				2E033CE520F4A1020057E157 /* NavigationCustom.xib in Resources */,
				2EA0708920F590F200F8AE5A /* CameraViewController.xib in Resources */,
				536A864A20F10EF300FAE72D /* LaunchScreen.storyboard in Resources */,
				2E033CEE20F4A2A80057E157 /* HomeViewController.xib in Resources */,
				2EA0708F20F5996800F8AE5A /* HomeTableViewCell.xib in Resources */,
				2EA0708520F590E500F8AE5A /* MyPhotosViewController.xib in Resources */,
				2EA0709420F5A42A00F8AE5A /* HomeHeaderView.xib in Resources */,
				536A864720F10EF300FAE72D /* Assets.xcassets in Resources */,
				2E033CD520F49E6A0057E157 /* LoginViewController.xib in Resources */,
				2E033CF320F4AF1E0057E157 /* GoogleService-Info.plist in Resources */,
			);
			runOnlyForDeploymentPostprocessing = 0;
		};
		536A864E20F10EF300FAE72D /* Resources */ = {
			isa = PBXResourcesBuildPhase;
			buildActionMask = 2147483647;
			files = (
			);
			runOnlyForDeploymentPostprocessing = 0;
		};
		536A865920F10EF300FAE72D /* Resources */ = {
			isa = PBXResourcesBuildPhase;
			buildActionMask = 2147483647;
			files = (
			);
			runOnlyForDeploymentPostprocessing = 0;
		};
/* End PBXResourcesBuildPhase section */

/* Begin PBXShellScriptBuildPhase section */
		2E033CDC20F4A01E0057E157 /* SwiftLint */ = {
			isa = PBXShellScriptBuildPhase;
			buildActionMask = 2147483647;
			files = (
			);
			inputPaths = (
			);
			name = SwiftLint;
			outputPaths = (
			);
			runOnlyForDeploymentPostprocessing = 0;
			shellPath = /bin/sh;
			shellScript = "\"${PODS_ROOT}/SwiftLint/swiftlint\"";
		};
		346BA75803A0FFD564D5D16B /* [CP] Copy Pods Resources */ = {
			isa = PBXShellScriptBuildPhase;
			buildActionMask = 2147483647;
			files = (
			);
			inputPaths = (
				"${SRCROOT}/Pods/Target Support Files/Pods-PhotoMemories/Pods-PhotoMemories-resources.sh",
				"${PODS_ROOT}/GoogleSignIn/Resources/GoogleSignIn.bundle",
			);
			name = "[CP] Copy Pods Resources";
			outputPaths = (
				"${TARGET_BUILD_DIR}/${UNLOCALIZED_RESOURCES_FOLDER_PATH}/GoogleSignIn.bundle",
			);
			runOnlyForDeploymentPostprocessing = 0;
			shellPath = /bin/sh;
			shellScript = "\"${SRCROOT}/Pods/Target Support Files/Pods-PhotoMemories/Pods-PhotoMemories-resources.sh\"\n";
			showEnvVarsInLog = 0;
		};
		3DCD648C574F04F94D12A9E5 /* [CP] Embed Pods Frameworks */ = {
			isa = PBXShellScriptBuildPhase;
			buildActionMask = 2147483647;
			files = (
			);
			inputPaths = (
				"${SRCROOT}/Pods/Target Support Files/Pods-PhotoMemories/Pods-PhotoMemories-frameworks.sh",
				"${BUILT_PRODUCTS_DIR}/ESTabBarController-swift/ESTabBarController_swift.framework",
				"${BUILT_PRODUCTS_DIR}/GTMOAuth2/GTMOAuth2.framework",
				"${BUILT_PRODUCTS_DIR}/GTMSessionFetcher/GTMSessionFetcher.framework",
				"${BUILT_PRODUCTS_DIR}/GoogleAPIClientForREST/GoogleAPIClientForREST.framework",
				"${BUILT_PRODUCTS_DIR}/GoogleToolboxForMac/GoogleToolboxForMac.framework",
				"${BUILT_PRODUCTS_DIR}/Kingfisher/Kingfisher.framework",
				"${BUILT_PRODUCTS_DIR}/NVActivityIndicatorView/NVActivityIndicatorView.framework",
				"${BUILT_PRODUCTS_DIR}/ParallaxHeader/ParallaxHeader.framework",
				"${BUILT_PRODUCTS_DIR}/RxCocoa/RxCocoa.framework",
				"${BUILT_PRODUCTS_DIR}/RxSwift/RxSwift.framework",
				"${BUILT_PRODUCTS_DIR}/SnapKit/SnapKit.framework",
				"${BUILT_PRODUCTS_DIR}/SwiftyJSON/SwiftyJSON.framework",
			);
			name = "[CP] Embed Pods Frameworks";
			outputPaths = (
				"${TARGET_BUILD_DIR}/${FRAMEWORKS_FOLDER_PATH}/ESTabBarController_swift.framework",
				"${TARGET_BUILD_DIR}/${FRAMEWORKS_FOLDER_PATH}/GTMOAuth2.framework",
				"${TARGET_BUILD_DIR}/${FRAMEWORKS_FOLDER_PATH}/GTMSessionFetcher.framework",
				"${TARGET_BUILD_DIR}/${FRAMEWORKS_FOLDER_PATH}/GoogleAPIClientForREST.framework",
				"${TARGET_BUILD_DIR}/${FRAMEWORKS_FOLDER_PATH}/GoogleToolboxForMac.framework",
				"${TARGET_BUILD_DIR}/${FRAMEWORKS_FOLDER_PATH}/Kingfisher.framework",
				"${TARGET_BUILD_DIR}/${FRAMEWORKS_FOLDER_PATH}/NVActivityIndicatorView.framework",
				"${TARGET_BUILD_DIR}/${FRAMEWORKS_FOLDER_PATH}/ParallaxHeader.framework",
				"${TARGET_BUILD_DIR}/${FRAMEWORKS_FOLDER_PATH}/RxCocoa.framework",
				"${TARGET_BUILD_DIR}/${FRAMEWORKS_FOLDER_PATH}/RxSwift.framework",
				"${TARGET_BUILD_DIR}/${FRAMEWORKS_FOLDER_PATH}/SnapKit.framework",
				"${TARGET_BUILD_DIR}/${FRAMEWORKS_FOLDER_PATH}/SwiftyJSON.framework",
			);
			runOnlyForDeploymentPostprocessing = 0;
			shellPath = /bin/sh;
			shellScript = "\"${SRCROOT}/Pods/Target Support Files/Pods-PhotoMemories/Pods-PhotoMemories-frameworks.sh\"\n";
			showEnvVarsInLog = 0;
		};
		6913CA799D3835F1C802F662 /* [CP] Check Pods Manifest.lock */ = {
			isa = PBXShellScriptBuildPhase;
			buildActionMask = 2147483647;
			files = (
			);
			inputPaths = (
				"${PODS_PODFILE_DIR_PATH}/Podfile.lock",
				"${PODS_ROOT}/Manifest.lock",
			);
			name = "[CP] Check Pods Manifest.lock";
			outputPaths = (
				"$(DERIVED_FILE_DIR)/Pods-PhotoMemories-checkManifestLockResult.txt",
			);
			runOnlyForDeploymentPostprocessing = 0;
			shellPath = /bin/sh;
			shellScript = "diff \"${PODS_PODFILE_DIR_PATH}/Podfile.lock\" \"${PODS_ROOT}/Manifest.lock\" > /dev/null\nif [ $? != 0 ] ; then\n    # print error to STDERR\n    echo \"error: The sandbox is not in sync with the Podfile.lock. Run 'pod install' or update your CocoaPods installation.\" >&2\n    exit 1\nfi\n# This output is used by Xcode 'outputs' to avoid re-running this script phase.\necho \"SUCCESS\" > \"${SCRIPT_OUTPUT_FILE_0}\"\n";
			showEnvVarsInLog = 0;
		};
/* End PBXShellScriptBuildPhase section */

/* Begin PBXSourcesBuildPhase section */
		536A863820F10EF100FAE72D /* Sources */ = {
			isa = PBXSourcesBuildPhase;
			buildActionMask = 2147483647;
			files = (
				2E033CC720F496B20057E157 /* Observable+Extension.swift in Sources */,
				2E033CC920F496B20057E157 /* Int+Extension.swift in Sources */,
				2EA0708B20F5958E00F8AE5A /* TabbarItemHijackContext.swift in Sources */,
				2E033CEA20F4A1730057E157 /* ActivityIndicator.swift in Sources */,
				2E033CF520F4B4E30057E157 /* Bundle+Extension.swift in Sources */,
				2E033CCA20F496B20057E157 /* UITableView+Extension.swift in Sources */,
				2EA0709220F5A41E00F8AE5A /* HomeHeaderView.swift in Sources */,
				2E033CC820F496B20057E157 /* UICollectionView+Extension.swift in Sources */,
				2E033CC620F496B20057E157 /* Date+Extension.swift in Sources */,
				2E033CD320F49D1A0057E157 /* BaseViewModel.swift in Sources */,
				2E033CCC20F496B20057E157 /* Double+Extension.swift in Sources */,
				2E033CE020F4A0EA0057E157 /* IndicatorCustomView.swift in Sources */,
				2E033CCE20F496B20057E157 /* String+Extension.swift in Sources */,
				2E033CCD20F496B20057E157 /* UIView+Extension.swift in Sources */,
				2E033CF120F4AE760057E157 /* Constants.swift in Sources */,
				2EA0707E20F590A400F8AE5A /* TabarViewController.swift in Sources */,
				2E033CD120F49D0E0057E157 /* LoginViewModel.swift in Sources */,
				2EA0707A20F58FF100F8AE5A /* GloablVariables.swift in Sources */,
				2E033CCB20F496B20057E157 /* NSObject+Extension.swift in Sources */,
				2EA0708820F590F200F8AE5A /* CameraViewController.swift in Sources */,
				2EA0708420F590E500F8AE5A /* MyPhotosViewController.swift in Sources */,
				536A867220F12C8800FAE72D /* LoginViewController.swift in Sources */,
				2E033CE920F4A1730057E157 /* ErrorTracker.swift in Sources */,
				2E033CED20F4A2A80057E157 /* HomeViewController.swift in Sources */,
				2E033CE420F4A1020057E157 /* NavigationCustom.swift in Sources */,
				2EA0707F20F590A400F8AE5A /* TabbarItemContext.swift in Sources */,
				2E033CCF20F496B20057E157 /* AppDelegate+Extension.swift in Sources */,
				2EA0708E20F5996800F8AE5A /* HomeTableViewCell.swift in Sources */,
				536A867620F12CA300FAE72D /* BaseViewController.swift in Sources */,
				536A864020F10EF100FAE72D /* AppDelegate.swift in Sources */,
			);
			runOnlyForDeploymentPostprocessing = 0;
		};
		536A864C20F10EF300FAE72D /* Sources */ = {
			isa = PBXSourcesBuildPhase;
			buildActionMask = 2147483647;
			files = (
				536A865520F10EF300FAE72D /* PhotoMemoriesTests.swift in Sources */,
			);
			runOnlyForDeploymentPostprocessing = 0;
		};
		536A865720F10EF300FAE72D /* Sources */ = {
			isa = PBXSourcesBuildPhase;
			buildActionMask = 2147483647;
			files = (
				536A866020F10EF300FAE72D /* PhotoMemoriesUITests.swift in Sources */,
			);
			runOnlyForDeploymentPostprocessing = 0;
		};
/* End PBXSourcesBuildPhase section */

/* Begin PBXTargetDependency section */
		536A865220F10EF300FAE72D /* PBXTargetDependency */ = {
			isa = PBXTargetDependency;
			target = 536A863B20F10EF100FAE72D /* PhotoMemories */;
			targetProxy = 536A865120F10EF300FAE72D /* PBXContainerItemProxy */;
		};
		536A865D20F10EF300FAE72D /* PBXTargetDependency */ = {
			isa = PBXTargetDependency;
			target = 536A863B20F10EF100FAE72D /* PhotoMemories */;
			targetProxy = 536A865C20F10EF300FAE72D /* PBXContainerItemProxy */;
		};
/* End PBXTargetDependency section */

/* Begin PBXVariantGroup section */
		2E033CD720F49E6A0057E157 /* LoginViewController.xib */ = {
			isa = PBXVariantGroup;
			children = (
				2E033CD620F49E6A0057E157 /* Base */,
				2E033CD920F49E6E0057E157 /* en */,
				2E033CDA20F49EA90057E157 /* vi */,
			);
			name = LoginViewController.xib;
			sourceTree = "<group>";
		};
		536A864820F10EF300FAE72D /* LaunchScreen.storyboard */ = {
			isa = PBXVariantGroup;
			children = (
				536A864920F10EF300FAE72D /* Base */,
				2E033CDB20F49EA90057E157 /* vi */,
			);
			name = LaunchScreen.storyboard;
			sourceTree = "<group>";
		};
/* End PBXVariantGroup section */

/* Begin XCBuildConfiguration section */
		536A866220F10EF400FAE72D /* Debug */ = {
			isa = XCBuildConfiguration;
			buildSettings = {
				ALWAYS_SEARCH_USER_PATHS = NO;
				CLANG_ANALYZER_LOCALIZABILITY_NONLOCALIZED = YES;
				CLANG_ANALYZER_NONNULL = YES;
				CLANG_ANALYZER_NUMBER_OBJECT_CONVERSION = YES_AGGRESSIVE;
				CLANG_CXX_LANGUAGE_STANDARD = "gnu++14";
				CLANG_CXX_LIBRARY = "libc++";
				CLANG_ENABLE_MODULES = YES;
				CLANG_ENABLE_OBJC_ARC = YES;
				CLANG_ENABLE_OBJC_WEAK = YES;
				CLANG_WARN_BLOCK_CAPTURE_AUTORELEASING = YES;
				CLANG_WARN_BOOL_CONVERSION = YES;
				CLANG_WARN_COMMA = YES;
				CLANG_WARN_CONSTANT_CONVERSION = YES;
				CLANG_WARN_DEPRECATED_OBJC_IMPLEMENTATIONS = YES;
				CLANG_WARN_DIRECT_OBJC_ISA_USAGE = YES_ERROR;
				CLANG_WARN_DOCUMENTATION_COMMENTS = YES;
				CLANG_WARN_EMPTY_BODY = YES;
				CLANG_WARN_ENUM_CONVERSION = YES;
				CLANG_WARN_INFINITE_RECURSION = YES;
				CLANG_WARN_INT_CONVERSION = YES;
				CLANG_WARN_NON_LITERAL_NULL_CONVERSION = YES;
				CLANG_WARN_OBJC_IMPLICIT_RETAIN_SELF = YES;
				CLANG_WARN_OBJC_LITERAL_CONVERSION = YES;
				CLANG_WARN_OBJC_ROOT_CLASS = YES_ERROR;
				CLANG_WARN_RANGE_LOOP_ANALYSIS = YES;
				CLANG_WARN_STRICT_PROTOTYPES = YES;
				CLANG_WARN_SUSPICIOUS_MOVE = YES;
				CLANG_WARN_UNGUARDED_AVAILABILITY = YES_AGGRESSIVE;
				CLANG_WARN_UNREACHABLE_CODE = YES;
				CLANG_WARN__DUPLICATE_METHOD_MATCH = YES;
				CODE_SIGN_IDENTITY = "iPhone Developer";
				COPY_PHASE_STRIP = NO;
				DEBUG_INFORMATION_FORMAT = dwarf;
				ENABLE_STRICT_OBJC_MSGSEND = YES;
				ENABLE_TESTABILITY = YES;
				GCC_C_LANGUAGE_STANDARD = gnu11;
				GCC_DYNAMIC_NO_PIC = NO;
				GCC_NO_COMMON_BLOCKS = YES;
				GCC_OPTIMIZATION_LEVEL = 0;
				GCC_PREPROCESSOR_DEFINITIONS = (
					"DEBUG=1",
					"$(inherited)",
				);
				GCC_WARN_64_TO_32_BIT_CONVERSION = YES;
				GCC_WARN_ABOUT_RETURN_TYPE = YES_ERROR;
				GCC_WARN_UNDECLARED_SELECTOR = YES;
				GCC_WARN_UNINITIALIZED_AUTOS = YES_AGGRESSIVE;
				GCC_WARN_UNUSED_FUNCTION = YES;
				GCC_WARN_UNUSED_VARIABLE = YES;
				IPHONEOS_DEPLOYMENT_TARGET = 11.4;
				MTL_ENABLE_DEBUG_INFO = YES;
				ONLY_ACTIVE_ARCH = YES;
				SDKROOT = iphoneos;
				SWIFT_ACTIVE_COMPILATION_CONDITIONS = DEBUG;
				SWIFT_OPTIMIZATION_LEVEL = "-Onone";
			};
			name = Debug;
		};
		536A866320F10EF400FAE72D /* Release */ = {
			isa = XCBuildConfiguration;
			buildSettings = {
				ALWAYS_SEARCH_USER_PATHS = NO;
				CLANG_ANALYZER_LOCALIZABILITY_NONLOCALIZED = YES;
				CLANG_ANALYZER_NONNULL = YES;
				CLANG_ANALYZER_NUMBER_OBJECT_CONVERSION = YES_AGGRESSIVE;
				CLANG_CXX_LANGUAGE_STANDARD = "gnu++14";
				CLANG_CXX_LIBRARY = "libc++";
				CLANG_ENABLE_MODULES = YES;
				CLANG_ENABLE_OBJC_ARC = YES;
				CLANG_ENABLE_OBJC_WEAK = YES;
				CLANG_WARN_BLOCK_CAPTURE_AUTORELEASING = YES;
				CLANG_WARN_BOOL_CONVERSION = YES;
				CLANG_WARN_COMMA = YES;
				CLANG_WARN_CONSTANT_CONVERSION = YES;
				CLANG_WARN_DEPRECATED_OBJC_IMPLEMENTATIONS = YES;
				CLANG_WARN_DIRECT_OBJC_ISA_USAGE = YES_ERROR;
				CLANG_WARN_DOCUMENTATION_COMMENTS = YES;
				CLANG_WARN_EMPTY_BODY = YES;
				CLANG_WARN_ENUM_CONVERSION = YES;
				CLANG_WARN_INFINITE_RECURSION = YES;
				CLANG_WARN_INT_CONVERSION = YES;
				CLANG_WARN_NON_LITERAL_NULL_CONVERSION = YES;
				CLANG_WARN_OBJC_IMPLICIT_RETAIN_SELF = YES;
				CLANG_WARN_OBJC_LITERAL_CONVERSION = YES;
				CLANG_WARN_OBJC_ROOT_CLASS = YES_ERROR;
				CLANG_WARN_RANGE_LOOP_ANALYSIS = YES;
				CLANG_WARN_STRICT_PROTOTYPES = YES;
				CLANG_WARN_SUSPICIOUS_MOVE = YES;
				CLANG_WARN_UNGUARDED_AVAILABILITY = YES_AGGRESSIVE;
				CLANG_WARN_UNREACHABLE_CODE = YES;
				CLANG_WARN__DUPLICATE_METHOD_MATCH = YES;
				CODE_SIGN_IDENTITY = "iPhone Developer";
				COPY_PHASE_STRIP = NO;
				DEBUG_INFORMATION_FORMAT = "dwarf-with-dsym";
				ENABLE_NS_ASSERTIONS = NO;
				ENABLE_STRICT_OBJC_MSGSEND = YES;
				GCC_C_LANGUAGE_STANDARD = gnu11;
				GCC_NO_COMMON_BLOCKS = YES;
				GCC_WARN_64_TO_32_BIT_CONVERSION = YES;
				GCC_WARN_ABOUT_RETURN_TYPE = YES_ERROR;
				GCC_WARN_UNDECLARED_SELECTOR = YES;
				GCC_WARN_UNINITIALIZED_AUTOS = YES_AGGRESSIVE;
				GCC_WARN_UNUSED_FUNCTION = YES;
				GCC_WARN_UNUSED_VARIABLE = YES;
				IPHONEOS_DEPLOYMENT_TARGET = 11.4;
				MTL_ENABLE_DEBUG_INFO = NO;
				SDKROOT = iphoneos;
				SWIFT_COMPILATION_MODE = wholemodule;
				SWIFT_OPTIMIZATION_LEVEL = "-O";
				VALIDATE_PRODUCT = YES;
			};
			name = Release;
		};
		536A866520F10EF400FAE72D /* Debug */ = {
			isa = XCBuildConfiguration;
			baseConfigurationReference = B5B7C2CC81E483E24515F020 /* Pods-PhotoMemories.debug.xcconfig */;
			buildSettings = {
				ASSETCATALOG_COMPILER_APPICON_NAME = AppIcon;
				CODE_SIGN_IDENTITY = "iPhone Developer";
				CODE_SIGN_STYLE = Manual;
				DEVELOPMENT_TEAM = SBE5S5T3FV;
				INFOPLIST_FILE = PhotoMemories/Info.plist;
				IPHONEOS_DEPLOYMENT_TARGET = 10.0;
				LD_RUNPATH_SEARCH_PATHS = (
					"$(inherited)",
					"@executable_path/Frameworks",
				);
				PRODUCT_BUNDLE_IDENTIFIER = com.dream.PhotoMemories;
				PRODUCT_NAME = "$(TARGET_NAME)";
				PROVISIONING_PROFILE = "d275ff19-ad5a-48a3-b7ef-362c7f34f466";
				PROVISIONING_PROFILE_SPECIFIER = "match Development com.dream.PhotoMemories";
				SWIFT_VERSION = 4.0;
				TARGETED_DEVICE_FAMILY = "1,2";
			};
			name = Debug;
		};
		536A866620F10EF400FAE72D /* Release */ = {
			isa = XCBuildConfiguration;
			baseConfigurationReference = F391FC7A5460925049C59BB4 /* Pods-PhotoMemories.release.xcconfig */;
			buildSettings = {
				ASSETCATALOG_COMPILER_APPICON_NAME = AppIcon;
				CODE_SIGN_IDENTITY = "iPhone Developer";
				CODE_SIGN_STYLE = Manual;
				DEVELOPMENT_TEAM = SBE5S5T3FV;
				INFOPLIST_FILE = PhotoMemories/Info.plist;
				IPHONEOS_DEPLOYMENT_TARGET = 10.0;
				LD_RUNPATH_SEARCH_PATHS = (
					"$(inherited)",
					"@executable_path/Frameworks",
				);
				PRODUCT_BUNDLE_IDENTIFIER = com.dream.PhotoMemories;
				PRODUCT_NAME = "$(TARGET_NAME)";
				PROVISIONING_PROFILE = "d275ff19-ad5a-48a3-b7ef-362c7f34f466";
				PROVISIONING_PROFILE_SPECIFIER = "match Development com.dream.PhotoMemories";
				SWIFT_VERSION = 4.0;
				TARGETED_DEVICE_FAMILY = "1,2";
			};
			name = Release;
		};
		536A866820F10EF400FAE72D /* Debug */ = {
			isa = XCBuildConfiguration;
			buildSettings = {
				ALWAYS_EMBED_SWIFT_STANDARD_LIBRARIES = YES;
				BUNDLE_LOADER = "$(TEST_HOST)";
				CODE_SIGN_STYLE = Automatic;
				DEVELOPMENT_TEAM = SBE5S5T3FV;
				INFOPLIST_FILE = PhotoMemoriesTests/Info.plist;
				LD_RUNPATH_SEARCH_PATHS = (
					"$(inherited)",
					"@executable_path/Frameworks",
					"@loader_path/Frameworks",
				);
				PRODUCT_BUNDLE_IDENTIFIER = com.dream.PhotoMemoriesTests;
				PRODUCT_NAME = "$(TARGET_NAME)";
				SWIFT_VERSION = 4.0;
				TARGETED_DEVICE_FAMILY = "1,2";
				TEST_HOST = "$(BUILT_PRODUCTS_DIR)/PhotoMemories.app/PhotoMemories";
			};
			name = Debug;
		};
		536A866920F10EF400FAE72D /* Release */ = {
			isa = XCBuildConfiguration;
			buildSettings = {
				ALWAYS_EMBED_SWIFT_STANDARD_LIBRARIES = YES;
				BUNDLE_LOADER = "$(TEST_HOST)";
				CODE_SIGN_STYLE = Automatic;
				DEVELOPMENT_TEAM = SBE5S5T3FV;
				INFOPLIST_FILE = PhotoMemoriesTests/Info.plist;
				LD_RUNPATH_SEARCH_PATHS = (
					"$(inherited)",
					"@executable_path/Frameworks",
					"@loader_path/Frameworks",
				);
				PRODUCT_BUNDLE_IDENTIFIER = com.dream.PhotoMemoriesTests;
				PRODUCT_NAME = "$(TARGET_NAME)";
				SWIFT_VERSION = 4.0;
				TARGETED_DEVICE_FAMILY = "1,2";
				TEST_HOST = "$(BUILT_PRODUCTS_DIR)/PhotoMemories.app/PhotoMemories";
			};
			name = Release;
		};
		536A866B20F10EF400FAE72D /* Debug */ = {
			isa = XCBuildConfiguration;
			buildSettings = {
				ALWAYS_EMBED_SWIFT_STANDARD_LIBRARIES = YES;
				CODE_SIGN_STYLE = Automatic;
				DEVELOPMENT_TEAM = SBE5S5T3FV;
				INFOPLIST_FILE = PhotoMemoriesUITests/Info.plist;
				LD_RUNPATH_SEARCH_PATHS = (
					"$(inherited)",
					"@executable_path/Frameworks",
					"@loader_path/Frameworks",
				);
				PRODUCT_BUNDLE_IDENTIFIER = com.dream.PhotoMemoriesUITests;
				PRODUCT_NAME = "$(TARGET_NAME)";
				SWIFT_VERSION = 4.0;
				TARGETED_DEVICE_FAMILY = "1,2";
				TEST_TARGET_NAME = PhotoMemories;
			};
			name = Debug;
		};
		536A866C20F10EF400FAE72D /* Release */ = {
			isa = XCBuildConfiguration;
			buildSettings = {
				ALWAYS_EMBED_SWIFT_STANDARD_LIBRARIES = YES;
				CODE_SIGN_STYLE = Automatic;
				DEVELOPMENT_TEAM = SBE5S5T3FV;
				INFOPLIST_FILE = PhotoMemoriesUITests/Info.plist;
				LD_RUNPATH_SEARCH_PATHS = (
					"$(inherited)",
					"@executable_path/Frameworks",
					"@loader_path/Frameworks",
				);
				PRODUCT_BUNDLE_IDENTIFIER = com.dream.PhotoMemoriesUITests;
				PRODUCT_NAME = "$(TARGET_NAME)";
				SWIFT_VERSION = 4.0;
				TARGETED_DEVICE_FAMILY = "1,2";
				TEST_TARGET_NAME = PhotoMemories;
			};
			name = Release;
		};
/* End XCBuildConfiguration section */

/* Begin XCConfigurationList section */
		536A863720F10EF100FAE72D /* Build configuration list for PBXProject "PhotoMemories" */ = {
			isa = XCConfigurationList;
			buildConfigurations = (
				536A866220F10EF400FAE72D /* Debug */,
				536A866320F10EF400FAE72D /* Release */,
			);
			defaultConfigurationIsVisible = 0;
			defaultConfigurationName = Release;
		};
		536A866420F10EF400FAE72D /* Build configuration list for PBXNativeTarget "PhotoMemories" */ = {
			isa = XCConfigurationList;
			buildConfigurations = (
				536A866520F10EF400FAE72D /* Debug */,
				536A866620F10EF400FAE72D /* Release */,
			);
			defaultConfigurationIsVisible = 0;
			defaultConfigurationName = Release;
		};
		536A866720F10EF400FAE72D /* Build configuration list for PBXNativeTarget "PhotoMemoriesTests" */ = {
			isa = XCConfigurationList;
			buildConfigurations = (
				536A866820F10EF400FAE72D /* Debug */,
				536A866920F10EF400FAE72D /* Release */,
			);
			defaultConfigurationIsVisible = 0;
			defaultConfigurationName = Release;
		};
		536A866A20F10EF400FAE72D /* Build configuration list for PBXNativeTarget "PhotoMemoriesUITests" */ = {
			isa = XCConfigurationList;
			buildConfigurations = (
				536A866B20F10EF400FAE72D /* Debug */,
				536A866C20F10EF400FAE72D /* Release */,
			);
			defaultConfigurationIsVisible = 0;
			defaultConfigurationName = Release;
		};
/* End XCConfigurationList section */
	};
	rootObject = 536A863420F10EF100FAE72D /* Project object */;
}
